
Microsoft Visual Studio Solution File, Format Version 12.00
# Visual Studio Version 17
VisualStudioVersion = 17.7.34003.232
MinimumVisualStudioVersion = 10.0.40219.1
Project("{9A19103F-16F7-4668-BE54-9A1E7A4F7556}") = "T28-C-Sharp-POO-NET", "T28-C-Sharp-POO-NET.csproj", "{CB5DA86B-0937-4C28-9C60-62B10FF33843}"
EndProject
Project("{9A19103F-16F7-4668-BE54-9A1E7A4F7556}") = "Ejercicio4", "..\Ejercicio4\Ejercicio4.csproj", "{9876EB80-1151-4978-8C05-37A7AD9962B6}"
EndProject
Project("{9A19103F-16F7-4668-BE54-9A1E7A4F7556}") = "Ejercicio5", "..\Ejercicio5\Ejercicio5.csproj", "{87FD2974-02F5-4DE0-935C-EE1F8048E5FA}"
EndProject
Project("{FAE04EC0-301F-11D3-BF4B-00C04F79EFBC}") = "Ejercicio6", "..\Ejercicio6\Ejercicio6.csproj", "{1FE1060D-C915-4694-BB46-98A0530A2FC4}"
EndProject
Project("{FAE04EC0-301F-11D3-BF4B-00C04F79EFBC}") = "Ejercicio7", "..\Ejercicio7\Ejercicio7.csproj", "{8B7F8DA9-35B4-42A6-B797-D33E962D23FC}"
EndProject
Project("{FAE04EC0-301F-11D3-BF4B-00C04F79EFBC}") = "Ejercicio8", "..\Ejercicio8\Ejercicio8.csproj", "{AEED499C-CDEE-40EF-8052-1E9FF3E1AB65}"
EndProject
Global
	GlobalSection(SolutionConfigurationPlatforms) = preSolution
		Debug|Any CPU = Debug|Any CPU
		Release|Any CPU = Release|Any CPU
	EndGlobalSection
	GlobalSection(ProjectConfigurationPlatforms) = postSolution
		{CB5DA86B-0937-4C28-9C60-62B10FF33843}.Debug|Any CPU.ActiveCfg = Debug|Any CPU
		{CB5DA86B-0937-4C28-9C60-62B10FF33843}.Debug|Any CPU.Build.0 = Debug|Any CPU
		{CB5DA86B-0937-4C28-9C60-62B10FF33843}.Release|Any CPU.ActiveCfg = Release|Any CPU
		{CB5DA86B-0937-4C28-9C60-62B10FF33843}.Release|Any CPU.Build.0 = Release|Any CPU
		{9876EB80-1151-4978-8C05-37A7AD9962B6}.Debug|Any CPU.ActiveCfg = Debug|Any CPU
		{9876EB80-1151-4978-8C05-37A7AD9962B6}.Debug|Any CPU.Build.0 = Debug|Any CPU
		{9876EB80-1151-4978-8C05-37A7AD9962B6}.Release|Any CPU.ActiveCfg = Release|Any CPU
		{9876EB80-1151-4978-8C05-37A7AD9962B6}.Release|Any CPU.Build.0 = Release|Any CPU
		{87FD2974-02F5-4DE0-935C-EE1F8048E5FA}.Debug|Any CPU.ActiveCfg = Debug|Any CPU
		{87FD2974-02F5-4DE0-935C-EE1F8048E5FA}.Debug|Any CPU.Build.0 = Debug|Any CPU
		{87FD2974-02F5-4DE0-935C-EE1F8048E5FA}.Release|Any CPU.ActiveCfg = Release|Any CPU
		{87FD2974-02F5-4DE0-935C-EE1F8048E5FA}.Release|Any CPU.Build.0 = Release|Any CPU
		{1FE1060D-C915-4694-BB46-98A0530A2FC4}.Debug|Any CPU.ActiveCfg = Debug|Any CPU
		{1FE1060D-C915-4694-BB46-98A0530A2FC4}.Debug|Any CPU.Build.0 = Debug|Any CPU
		{1FE1060D-C915-4694-BB46-98A0530A2FC4}.Release|Any CPU.ActiveCfg = Release|Any CPU
		{1FE1060D-C915-4694-BB46-98A0530A2FC4}.Release|Any CPU.Build.0 = Release|Any CPU
		{8B7F8DA9-35B4-42A6-B797-D33E962D23FC}.Debug|Any CPU.ActiveCfg = Debug|Any CPU
		{8B7F8DA9-35B4-42A6-B797-D33E962D23FC}.Debug|Any CPU.Build.0 = Debug|Any CPU
		{8B7F8DA9-35B4-42A6-B797-D33E962D23FC}.Release|Any CPU.ActiveCfg = Release|Any CPU
		{8B7F8DA9-35B4-42A6-B797-D33E962D23FC}.Release|Any CPU.Build.0 = Release|Any CPU
		{AEED499C-CDEE-40EF-8052-1E9FF3E1AB65}.Debug|Any CPU.ActiveCfg = Debug|Any CPU
		{AEED499C-CDEE-40EF-8052-1E9FF3E1AB65}.Debug|Any CPU.Build.0 = Debug|Any CPU
		{AEED499C-CDEE-40EF-8052-1E9FF3E1AB65}.Release|Any CPU.ActiveCfg = Release|Any CPU
		{AEED499C-CDEE-40EF-8052-1E9FF3E1AB65}.Release|Any CPU.Build.0 = Release|Any CPU
	EndGlobalSection
	GlobalSection(SolutionProperties) = preSolution
		HideSolutionNode = FALSE
	EndGlobalSection
	GlobalSection(ExtensibilityGlobals) = postSolution
		SolutionGuid = {B76B6CBB-88E0-4084-B64E-3BFCDEC2EBDA}
	EndGlobalSection
EndGlobal
